// !$*UTF8*$!
{
	archiveVersion = 1;
	classes = {
	};
	objectVersion = 50;
	objects = {

/* Begin PBXBuildFile section */
		19016FBD247E68CE000DA37A /* AppDelegate.swift in Sources */ = {isa = PBXBuildFile; fileRef = 19016FBC247E68CE000DA37A /* AppDelegate.swift */; };
		19016FBF247E68CE000DA37A /* SceneDelegate.swift in Sources */ = {isa = PBXBuildFile; fileRef = 19016FBE247E68CE000DA37A /* SceneDelegate.swift */; };
		19016FC1247E68CE000DA37A /* ViewController.swift in Sources */ = {isa = PBXBuildFile; fileRef = 19016FC0247E68CE000DA37A /* ViewController.swift */; };
		19016FC4247E68CE000DA37A /* Main.storyboard in Resources */ = {isa = PBXBuildFile; fileRef = 19016FC2247E68CE000DA37A /* Main.storyboard */; };
		19016FC6247E68D2000DA37A /* Assets.xcassets in Resources */ = {isa = PBXBuildFile; fileRef = 19016FC5247E68D2000DA37A /* Assets.xcassets */; };
		19016FC9247E68D2000DA37A /* LaunchScreen.storyboard in Resources */ = {isa = PBXBuildFile; fileRef = 19016FC7247E68D2000DA37A /* LaunchScreen.storyboard */; };
		19016FD1247E697A000DA37A /* theme.swift in Sources */ = {isa = PBXBuildFile; fileRef = 19016FD0247E697A000DA37A /* theme.swift */; };
		19016FD3247E6ED8000DA37A /* secondViewController.swift in Sources */ = {isa = PBXBuildFile; fileRef = 19016FD2247E6ED8000DA37A /* secondViewController.swift */; };
/* End PBXBuildFile section */

/* Begin PBXFileReference section */
		19016FB9247E68CE000DA37A /* Themechange.app */ = {isa = PBXFileReference; explicitFileType = wrapper.application; includeInIndex = 0; path = Themechange.app; sourceTree = BUILT_PRODUCTS_DIR; };
		19016FBC247E68CE000DA37A /* AppDelegate.swift */ = {isa = PBXFileReference; lastKnownFileType = sourcecode.swift; path = AppDelegate.swift; sourceTree = "<group>"; };
		19016FBE247E68CE000DA37A /* SceneDelegate.swift */ = {isa = PBXFileReference; lastKnownFileType = sourcecode.swift; path = SceneDelegate.swift; sourceTree = "<group>"; };
		19016FC0247E68CE000DA37A /* ViewController.swift */ = {isa = PBXFileReference; lastKnownFileType = sourcecode.swift; path = ViewController.swift; sourceTree = "<group>"; };
		19016FC3247E68CE000DA37A /* Base */ = {isa = PBXFileReference; lastKnownFileType = file.storyboard; name = Base; path = Base.lproj/Main.storyboard; sourceTree = "<group>"; };
		19016FC5247E68D2000DA37A /* Assets.xcassets */ = {isa = PBXFileReference; lastKnownFileType = folder.assetcatalog; path = Assets.xcassets; sourceTree = "<group>"; };
		19016FC8247E68D2000DA37A /* Base */ = {isa = PBXFileReference; lastKnownFileType = file.storyboard; name = Base; path = Base.lproj/LaunchScreen.storyboard; sourceTree = "<group>"; };
		19016FCA247E68D2000DA37A /* Info.plist */ = {isa = PBXFileReference; lastKnownFileType = text.plist.xml; path = Info.plist; sourceTree = "<group>"; };
		19016FD0247E697A000DA37A /* theme.swift */ = {isa = PBXFileReference; lastKnownFileType = sourcecode.swift; path = theme.swift; sourceTree = "<group>"; };
		19016FD2247E6ED8000DA37A /* secondViewController.swift */ = {isa = PBXFileReference; lastKnownFileType = sourcecode.swift; path = secondViewController.swift; sourceTree = "<group>"; };
/* End PBXFileReference section */

/* Begin PBXFrameworksBuildPhase section */
		19016FB6247E68CE000DA37A /* Frameworks */ = {
			isa = PBXFrameworksBuildPhase;
			buildActionMask = 2147483647;
			files = (
			);
			runOnlyForDeploymentPostprocessing = 0;
		};
/* End PBXFrameworksBuildPhase section */

/* Begin PBXGroup section */
		19016FB0247E68CE000DA37A = {
			isa = PBXGroup;
			children = (
				19016FBB247E68CE000DA37A /* Themechange */,
				19016FBA247E68CE000DA37A /* Products */,
			);
			sourceTree = "<group>";
		};
		19016FBA247E68CE000DA37A /* Products */ = {
			isa = PBXGroup;
			children = (
				19016FB9247E68CE000DA37A /* Themechange.app */,
			);
			name = Products;
			sourceTree = "<group>";
		};
		19016FBB247E68CE000DA37A /* Themechange */ = {
			isa = PBXGroup;
			children = (
				19016FBC247E68CE000DA37A /* AppDelegate.swift */,
				19016FBE247E68CE000DA37A /* SceneDelegate.swift */,
				19016FC0247E68CE000DA37A /* ViewController.swift */,
				19016FC2247E68CE000DA37A /* Main.storyboard */,
				19016FD2247E6ED8000DA37A /* secondViewController.swift */,
				19016FD0247E697A000DA37A /* theme.swift */,
				19016FC5247E68D2000DA37A /* Assets.xcassets */,
				19016FC7247E68D2000DA37A /* LaunchScreen.storyboard */,
				19016FCA247E68D2000DA37A /* Info.plist */,
			);
			path = Themechange;
			sourceTree = "<group>";
		};
/* End PBXGroup section */

/* Begin PBXNativeTarget section */
		19016FB8247E68CE000DA37A /* Themechange */ = {
			isa = PBXNativeTarget;
			buildConfigurationList = 19016FCD247E68D2000DA37A /* Build configuration list for PBXNativeTarget "Themechange" */;
			buildPhases = (
				19016FB5247E68CE000DA37A /* Sources */,
				19016FB6247E68CE000DA37A /* Frameworks */,
				19016FB7247E68CE000DA37A /* Resources */,
			);
			buildRules = (
			);
			dependencies = (
			);
			name = Themechange;
			productName = Themechange;
			productReference = 19016FB9247E68CE000DA37A /* Themechange.app */;
			productType = "com.apple.product-type.application";
		};
/* End PBXNativeTarget section */

/* Begin PBXProject section */
		19016FB1247E68CE000DA37A /* Project object */ = {
			isa = PBXProject;
			attributes = {
				LastSwiftUpdateCheck = 1140;
				LastUpgradeCheck = 1140;
				ORGANIZATIONNAME = jagjeet;
				TargetAttributes = {
					19016FB8247E68CE000DA37A = {
						CreatedOnToolsVersion = 11.4.1;
					};
				};
			};
			buildConfigurationList = 19016FB4247E68CE000DA37A /* Build configuration list for PBXProject "Themechange" */;
			compatibilityVersion = "Xcode 9.3";
			developmentRegion = en;
			hasScannedForEncodings = 0;
			knownRegions = (
				en,
				Base,
			);
			mainGroup = 19016FB0247E68CE000DA37A;
			productRefGroup = 19016FBA247E68CE000DA37A /* Products */;
			projectDirPath = "";
			projectRoot = "";
			targets = (
				19016FB8247E68CE000DA37A /* Themechange */,
			);
		};
/* End PBXProject section */

/* Begin PBXResourcesBuildPhase section */
		19016FB7247E68CE000DA37A /* Resources */ = {
			isa = PBXResourcesBuildPhase;
			buildActionMask = 2147483647;
			files = (
				19016FC9247E68D2000DA37A /* LaunchScreen.storyboard in Resources */,
				19016FC6247E68D2000DA37A /* Assets.xcassets in Resources */,
				19016FC4247E68CE000DA37A /* Main.storyboard in Resources */,
			);
			runOnlyForDeploymentPostprocessing = 0;
		};
/* End PBXResourcesBuildPhase section */

/* Begin PBXSourcesBuildPhase section */
		19016FB5247E68CE000DA37A /* Sources */ = {
			isa = PBXSourcesBuildPhase;
			buildActionMask = 2147483647;
			files = (
				19016FC1247E68CE000DA37A /* ViewController.swift in Sources */,
				19016FD1247E697A000DA37A /* theme.swift in Sources */,
				19016FBD247E68CE000DA37A /* AppDelegate.swift in Sources */,
				19016FD3247E6ED8000DA37A /* secondViewController.swift in Sources */,
				19016FBF247E68CE000DA37A /* SceneDelegate.swift in Sources */,
			);
			runOnlyForDeploymentPostprocessing = 0;
		};
/* End PBXSourcesBuildPhase section */

/* Begin PBXVariantGroup section */
		19016FC2247E68CE000DA37A /* Main.storyboard */ = {
			isa = PBXVariantGroup;
			children = (
				19016FC3247E68CE000DA37A /* Base */,
			);
			name = Main.storyboard;
			sourceTree = "<group>";
		};
		19016FC7247E68D2000DA37A /* LaunchScreen.storyboard */ = {
			isa = PBXVariantGroup;
			children = (
				19016FC8247E68D2000DA37A /* Base */,
			);
			name = LaunchScreen.storyboard;
			sourceTree = "<group>";
		};
/* End PBXVariantGroup section */

/* Begin XCBuildConfiguration section */
		19016FCB247E68D2000DA37A /* Debug */ = {
			isa = XCBuildConfiguration;
			buildSettings = {
				ALWAYS_SEARCH_USER_PATHS = NO;
				CLANG_ANALYZER_NONNULL = YES;
				CLANG_ANALYZER_NUMBER_OBJECT_CONVERSION = YES_AGGRESSIVE;
				CLANG_CXX_LANGUAGE_STANDARD = "gnu++14";
				CLANG_CXX_LIBRARY = "libc++";
				CLANG_ENABLE_MODULES = YES;
				CLANG_ENABLE_OBJC_ARC = YES;
				CLANG_ENABLE_OBJC_WEAK = YES;
				CLANG_WARN_BLOCK_CAPTURE_AUTORELEASING = YES;
				CLANG_WARN_BOOL_CONVERSION = YES;
				CLANG_WARN_COMMA = YES;
				CLANG_WARN_CONSTANT_CONVERSION = YES;
				CLANG_WARN_DEPRECATED_OBJC_IMPLEMENTATIONS = YES;
				CLANG_WARN_DIRECT_OBJC_ISA_USAGE = YES_ERROR;
				CLANG_WARN_DOCUMENTATION_COMMENTS = YES;
				CLANG_WARN_EMPTY_BODY = YES;
				CLANG_WARN_ENUM_CONVERSION = YES;
				CLANG_WARN_INFINITE_RECURSION = YES;
				CLANG_WARN_INT_CONVERSION = YES;
				CLANG_WARN_NON_LITERAL_NULL_CONVERSION = YES;
				CLANG_WARN_OBJC_IMPLICIT_RETAIN_SELF = YES;
				CLANG_WARN_OBJC_LITERAL_CONVERSION = YES;
				CLANG_WARN_OBJC_ROOT_CLASS = YES_ERROR;
				CLANG_WARN_RANGE_LOOP_ANALYSIS = YES;
				CLANG_WARN_STRICT_PROTOTYPES = YES;
				CLANG_WARN_SUSPICIOUS_MOVE = YES;
				CLANG_WARN_UNGUARDED_AVAILABILITY = YES_AGGRESSIVE;
				CLANG_WARN_UNREACHABLE_CODE = YES;
				CLANG_WARN__DUPLICATE_METHOD_MATCH = YES;
				COPY_PHASE_STRIP = NO;
				DEBUG_INFORMATION_FORMAT = dwarf;
				ENABLE_STRICT_OBJC_MSGSEND = YES;
				ENABLE_TESTABILITY = YES;
				GCC_C_LANGUAGE_STANDARD = gnu11;
				GCC_DYNAMIC_NO_PIC = NO;
				GCC_NO_COMMON_BLOCKS = YES;
				GCC_OPTIMIZATION_LEVEL = 0;
				GCC_PREPROCESSOR_DEFINITIONS = (
					"DEBUG=1",
					"$(inherited)",
				);
				GCC_WARN_64_TO_32_BIT_CONVERSION = YES;
				GCC_WARN_ABOUT_RETURN_TYPE = YES_ERROR;
				GCC_WARN_UNDECLARED_SELECTOR = YES;
				GCC_WARN_UNINITIALIZED_AUTOS = YES_AGGRESSIVE;
				GCC_WARN_UNUSED_FUNCTION = YES;
				GCC_WARN_UNUSED_VARIABLE = YES;
				IPHONEOS_DEPLOYMENT_TARGET = 13.4;
				MTL_ENABLE_DEBUG_INFO = INCLUDE_SOURCE;
				MTL_FAST_MATH = YES;
				ONLY_ACTIVE_ARCH = YES;
				SDKROOT = iphoneos;
				SWIFT_ACTIVE_COMPILATION_CONDITIONS = DEBUG;
				SWIFT_OPTIMIZATION_LEVEL = "-Onone";
			};
			name = Debug;
		};
		19016FCC247E68D2000DA37A /* Release */ = {
			isa = XCBuildConfiguration;
			buildSettings = {
				ALWAYS_SEARCH_USER_PATHS = NO;
				CLANG_ANALYZER_NONNULL = YES;
				CLANG_ANALYZER_NUMBER_OBJECT_CONVERSION = YES_AGGRESSIVE;
				CLANG_CXX_LANGUAGE_STANDARD = "gnu++14";
				CLANG_CXX_LIBRARY = "libc++";
				CLANG_ENABLE_MODULES = YES;
				CLANG_ENABLE_OBJC_ARC = YES;
				CLANG_ENABLE_OBJC_WEAK = YES;
				CLANG_WARN_BLOCK_CAPTURE_AUTORELEASING = YES;
				CLANG_WARN_BOOL_CONVERSION = YES;
				CLANG_WARN_COMMA = YES;
				CLANG_WARN_CONSTANT_CONVERSION = YES;
				CLANG_WARN_DEPRECATED_OBJC_IMPLEMENTATIONS = YES;
				CLANG_WARN_DIRECT_OBJC_ISA_USAGE = YES_ERROR;
				CLANG_WARN_DOCUMENTATION_COMMENTS = YES;
				CLANG_WARN_EMPTY_BODY = YES;
				CLANG_WARN_ENUM_CONVERSION = YES;
				CLANG_WARN_INFINITE_RECURSION = YES;
				CLANG_WARN_INT_CONVERSION = YES;
				CLANG_WARN_NON_LITERAL_NULL_CONVERSION = YES;
				CLANG_WARN_OBJC_IMPLICIT_RETAIN_SELF = YES;
				CLANG_WARN_OBJC_LITERAL_CONVERSION = YES;
				CLANG_WARN_OBJC_ROOT_CLASS = YES_ERROR;
				CLANG_WARN_RANGE_LOOP_ANALYSIS = YES;
				CLANG_WARN_STRICT_PROTOTYPES = YES;
				CLANG_WARN_SUSPICIOUS_MOVE = YES;
				CLANG_WARN_UNGUARDED_AVAILABILITY = YES_AGGRESSIVE;
				CLANG_WARN_UNREACHABLE_CODE = YES;
				CLANG_WARN__DUPLICATE_METHOD_MATCH = YES;
				COPY_PHASE_STRIP = NO;
				DEBUG_INFORMATION_FORMAT = "dwarf-with-dsym";
				ENABLE_NS_ASSERTIONS = NO;
				ENABLE_STRICT_OBJC_MSGSEND = YES;
				GCC_C_LANGUAGE_STANDARD = gnu11;
				GCC_NO_COMMON_BLOCKS = YES;
				GCC_WARN_64_TO_32_BIT_CONVERSION = YES;
				GCC_WARN_ABOUT_RETURN_TYPE = YES_ERROR;
				GCC_WARN_UNDECLARED_SELECTOR = YES;
				GCC_WARN_UNINITIALIZED_AUTOS = YES_AGGRESSIVE;
				GCC_WARN_UNUSED_FUNCTION = YES;
				GCC_WARN_UNUSED_VARIABLE = YES;
				IPHONEOS_DEPLOYMENT_TARGET = 13.4;
				MTL_ENABLE_DEBUG_INFO = NO;
				MTL_FAST_MATH = YES;
				SDKROOT = iphoneos;
				SWIFT_COMPILATION_MODE = wholemodule;
				SWIFT_OPTIMIZATION_LEVEL = "-O";
				VALIDATE_PRODUCT = YES;
			};
			name = Release;
		};
		19016FCE247E68D2000DA37A /* Debug */ = {
			isa = XCBuildConfiguration;
			buildSettings = {
				ASSETCATALOG_COMPILER_APPICON_NAME = AppIcon;
				CODE_SIGN_STYLE = Automatic;
				DEVELOPMENT_TEAM = W8A45L2WMS;
				INFOPLIST_FILE = Themechange/Info.plist;
				LD_RUNPATH_SEARCH_PATHS = (
					"$(inherited)",
					"@executable_path/Frameworks",
				);
				PRODUCT_BUNDLE_IDENTIFIER = TFT.Themechange;
				PRODUCT_NAME = "$(TARGET_NAME)";
				SWIFT_VERSION = 5.0;
				TARGETED_DEVICE_FAMILY = "1,2";
			};
			name = Debug;
		};
		19016FCF247E68D2000DA37A /* Release */ = {
			isa = XCBuildConfiguration;
			buildSettings = {
				ASSETCATALOG_COMPILER_APPICON_NAME = AppIcon;
				CODE_SIGN_STYLE = Automatic;
				DEVELOPMENT_TEAM = W8A45L2WMS;
				INFOPLIST_FILE = Themechange/Info.plist;
				LD_RUNPATH_SEARCH_PATHS = (
					"$(inherited)",
					"@executable_path/Frameworks",
				);
				PRODUCT_BUNDLE_IDENTIFIER = TFT.Themechange;
				PRODUCT_NAME = "$(TARGET_NAME)";
				SWIFT_VERSION = 5.0;
				TARGETED_DEVICE_FAMILY = "1,2";
			};
			name = Release;
		};
/* End XCBuildConfiguration section */

/* Begin XCConfigurationList section */
		19016FB4247E68CE000DA37A /* Build configuration list for PBXProject "Themechange" */ = {
			isa = XCConfigurationList;
			buildConfigurations = (
				19016FCB247E68D2000DA37A /* Debug */,
				19016FCC247E68D2000DA37A /* Release */,
			);
			defaultConfigurationIsVisible = 0;
			defaultConfigurationName = Release;
		};
		19016FCD247E68D2000DA37A /* Build configuration list for PBXNativeTarget "Themechange" */ = {
			isa = XCConfigurationList;
			buildConfigurations = (
				19016FCE247E68D2000DA37A /* Debug */,
				19016FCF247E68D2000DA37A /* Release */,
			);
			defaultConfigurationIsVisible = 0;
			defaultConfigurationName = Release;
		};
/* End XCConfigurationList section */
	};
	rootObject = 19016FB1247E68CE000DA37A /* Project object */;
}
